
Microsoft Visual Studio Solution File, Format Version 12.00
# Visual Studio Version 16
VisualStudioVersion = 16.0.31624.102
MinimumVisualStudioVersion = 10.0.40219.1
Project("{FAE04EC0-301F-11D3-BF4B-00C04F79EFBC}") = "CsvManager", "CsvManager\CsvManager.csproj", "{BDCD78F5-30A3-4D1C-BF75-91FDA0E9B761}"
EndProject
Project("{FAE04EC0-301F-11D3-BF4B-00C04F79EFBC}") = "CsvManagerTests", "CsvManagerTests\CsvManagerTests.csproj", "{C35F720C-F72F-4627-B3A5-C6A0B17C1C9F}"
EndProject
Project("{2150E333-8FDC-42A3-9474-1A3956D46DE8}") = "Tests", "Tests", "{4FBDB072-FAF7-48CA-AD2C-896F310C54AB}"
EndProject
Global
	GlobalSection(SolutionConfigurationPlatforms) = preSolution
		Debug|Any CPU = Debug|Any CPU
		Release|Any CPU = Release|Any CPU
	EndGlobalSection
	GlobalSection(ProjectConfigurationPlatforms) = postSolution
		{BDCD78F5-30A3-4D1C-BF75-91FDA0E9B761}.Debug|Any CPU.ActiveCfg = Debug|Any CPU
		{BDCD78F5-30A3-4D1C-BF75-91FDA0E9B761}.Debug|Any CPU.Build.0 = Debug|Any CPU
		{BDCD78F5-30A3-4D1C-BF75-91FDA0E9B761}.Release|Any CPU.ActiveCfg = Release|Any CPU
		{BDCD78F5-30A3-4D1C-BF75-91FDA0E9B761}.Release|Any CPU.Build.0 = Release|Any CPU
		{C35F720C-F72F-4627-B3A5-C6A0B17C1C9F}.Debug|Any CPU.ActiveCfg = Debug|Any CPU
		{C35F720C-F72F-4627-B3A5-C6A0B17C1C9F}.Debug|Any CPU.Build.0 = Debug|Any CPU
		{C35F720C-F72F-4627-B3A5-C6A0B17C1C9F}.Release|Any CPU.ActiveCfg = Release|Any CPU
		{C35F720C-F72F-4627-B3A5-C6A0B17C1C9F}.Release|Any CPU.Build.0 = Release|Any CPU
	EndGlobalSection
	GlobalSection(SolutionProperties) = preSolution
		HideSolutionNode = FALSE
	EndGlobalSection
	GlobalSection(NestedProjects) = preSolution
		{C35F720C-F72F-4627-B3A5-C6A0B17C1C9F} = {4FBDB072-FAF7-48CA-AD2C-896F310C54AB}
	EndGlobalSection
	GlobalSection(ExtensibilityGlobals) = postSolution
		SolutionGuid = {76DA9789-21AE-4EDE-A7C8-FEC25594C058}
	EndGlobalSection
EndGlobal
